// !$*UTF8*$!
{
	archiveVersion = 1;
	classes = {
	};
	objectVersion = 50;
	objects = {

/* Begin PBXBuildFile section */
		02709977227564360099FBC8 /* VladimirViewController.swift in Sources */ = {isa = PBXBuildFile; fileRef = 02709976227564350099FBC8 /* VladimirViewController.swift */; };
		02EDA0D022768F63002AE989 /* NewViewController.swift in Sources */ = {isa = PBXBuildFile; fileRef = 02EDA0CF22768F63002AE989 /* NewViewController.swift */; };
		3011E22D2251333700C888BC /* AppDelegate.swift in Sources */ = {isa = PBXBuildFile; fileRef = 3011E22C2251333700C888BC /* AppDelegate.swift */; };
		3011E22F2251333700C888BC /* ViewController.swift in Sources */ = {isa = PBXBuildFile; fileRef = 3011E22E2251333700C888BC /* ViewController.swift */; };
		3011E2322251333700C888BC /* Main.storyboard in Resources */ = {isa = PBXBuildFile; fileRef = 3011E2302251333700C888BC /* Main.storyboard */; };
		3011E2342251333900C888BC /* Assets.xcassets in Resources */ = {isa = PBXBuildFile; fileRef = 3011E2332251333900C888BC /* Assets.xcassets */; };
		3011E2372251333900C888BC /* LaunchScreen.storyboard in Resources */ = {isa = PBXBuildFile; fileRef = 3011E2352251333900C888BC /* LaunchScreen.storyboard */; };
/* End PBXBuildFile section */

/* Begin PBXFileReference section */
		02709976227564350099FBC8 /* VladimirViewController.swift */ = {isa = PBXFileReference; lastKnownFileType = sourcecode.swift; path = VladimirViewController.swift; sourceTree = "<group>"; };
		02EDA0CF22768F63002AE989 /* NewViewController.swift */ = {isa = PBXFileReference; lastKnownFileType = sourcecode.swift; path = NewViewController.swift; sourceTree = "<group>"; };
		3011E2292251333700C888BC /* project_3.app */ = {isa = PBXFileReference; explicitFileType = wrapper.application; includeInIndex = 0; path = project_3.app; sourceTree = BUILT_PRODUCTS_DIR; };
		3011E22C2251333700C888BC /* AppDelegate.swift */ = {isa = PBXFileReference; lastKnownFileType = sourcecode.swift; path = AppDelegate.swift; sourceTree = "<group>"; };
		3011E22E2251333700C888BC /* ViewController.swift */ = {isa = PBXFileReference; lastKnownFileType = sourcecode.swift; path = ViewController.swift; sourceTree = "<group>"; };
		3011E2312251333700C888BC /* Base */ = {isa = PBXFileReference; lastKnownFileType = file.storyboard; name = Base; path = Base.lproj/Main.storyboard; sourceTree = "<group>"; };
		3011E2332251333900C888BC /* Assets.xcassets */ = {isa = PBXFileReference; lastKnownFileType = folder.assetcatalog; path = Assets.xcassets; sourceTree = "<group>"; };
		3011E2362251333900C888BC /* Base */ = {isa = PBXFileReference; lastKnownFileType = file.storyboard; name = Base; path = Base.lproj/LaunchScreen.storyboard; sourceTree = "<group>"; };
		3011E2382251333900C888BC /* Info.plist */ = {isa = PBXFileReference; lastKnownFileType = text.plist.xml; path = Info.plist; sourceTree = "<group>"; };
/* End PBXFileReference section */

/* Begin PBXFrameworksBuildPhase section */
		3011E2262251333700C888BC /* Frameworks */ = {
			isa = PBXFrameworksBuildPhase;
			buildActionMask = 2147483647;
			files = (
			);
			runOnlyForDeploymentPostprocessing = 0;
		};
/* End PBXFrameworksBuildPhase section */

/* Begin PBXGroup section */
		3011E2202251333700C888BC = {
			isa = PBXGroup;
			children = (
				3011E22B2251333700C888BC /* project_3 */,
				3011E22A2251333700C888BC /* Products */,
			);
			sourceTree = "<group>";
		};
		3011E22A2251333700C888BC /* Products */ = {
			isa = PBXGroup;
			children = (
				3011E2292251333700C888BC /* project_3.app */,
			);
			name = Products;
			sourceTree = "<group>";
		};
		3011E22B2251333700C888BC /* project_3 */ = {
			isa = PBXGroup;
			children = (
				3011E22C2251333700C888BC /* AppDelegate.swift */,
				3011E22E2251333700C888BC /* ViewController.swift */,
				02709976227564350099FBC8 /* VladimirViewController.swift */,
				02EDA0CF22768F63002AE989 /* NewViewController.swift */,
				3011E2302251333700C888BC /* Main.storyboard */,
				3011E2332251333900C888BC /* Assets.xcassets */,
				3011E2352251333900C888BC /* LaunchScreen.storyboard */,
				3011E2382251333900C888BC /* Info.plist */,
			);
			path = project_3;
			sourceTree = "<group>";
		};
/* End PBXGroup section */

/* Begin PBXNativeTarget section */
		3011E2282251333700C888BC /* project_3 */ = {
			isa = PBXNativeTarget;
			buildConfigurationList = 3011E23B2251333900C888BC /* Build configuration list for PBXNativeTarget "project_3" */;
			buildPhases = (
				3011E2252251333700C888BC /* Sources */,
				3011E2262251333700C888BC /* Frameworks */,
				3011E2272251333700C888BC /* Resources */,
			);
			buildRules = (
			);
			dependencies = (
			);
			name = project_3;
			productName = project_3;
			productReference = 3011E2292251333700C888BC /* project_3.app */;
			productType = "com.apple.product-type.application";
		};
/* End PBXNativeTarget section */

/* Begin PBXProject section */
		3011E2212251333700C888BC /* Project object */ = {
			isa = PBXProject;
			attributes = {
				LastSwiftUpdateCheck = 1020;
				LastUpgradeCheck = 1020;
				ORGANIZATIONNAME = "Другов Родион";
				TargetAttributes = {
					3011E2282251333700C888BC = {
						CreatedOnToolsVersion = 10.2;
					};
				};
			};
			buildConfigurationList = 3011E2242251333700C888BC /* Build configuration list for PBXProject "project_3" */;
			compatibilityVersion = "Xcode 9.3";
			developmentRegion = en;
			hasScannedForEncodings = 0;
			knownRegions = (
				en,
				Base,
			);
			mainGroup = 3011E2202251333700C888BC;
			productRefGroup = 3011E22A2251333700C888BC /* Products */;
			projectDirPath = "";
			projectRoot = "";
			targets = (
				3011E2282251333700C888BC /* project_3 */,
			);
		};
/* End PBXProject section */

/* Begin PBXResourcesBuildPhase section */
		3011E2272251333700C888BC /* Resources */ = {
			isa = PBXResourcesBuildPhase;
			buildActionMask = 2147483647;
			files = (
				3011E2372251333900C888BC /* LaunchScreen.storyboard in Resources */,
				3011E2342251333900C888BC /* Assets.xcassets in Resources */,
				3011E2322251333700C888BC /* Main.storyboard in Resources */,
			);
			runOnlyForDeploymentPostprocessing = 0;
		};
/* End PBXResourcesBuildPhase section */

/* Begin PBXSourcesBuildPhase section */
		3011E2252251333700C888BC /* Sources */ = {
			isa = PBXSourcesBuildPhase;
			buildActionMask = 2147483647;
			files = (
				02709977227564360099FBC8 /* VladimirViewController.swift in Sources */,
				3011E22F2251333700C888BC /* ViewController.swift in Sources */,
				3011E22D2251333700C888BC /* AppDelegate.swift in Sources */,
				02EDA0D022768F63002AE989 /* NewViewController.swift in Sources */,
			);
			runOnlyForDeploymentPostprocessing = 0;
		};
/* End PBXSourcesBuildPhase section */

/* Begin PBXVariantGroup section */
		3011E2302251333700C888BC /* Main.storyboard */ = {
			isa = PBXVariantGroup;
			children = (
				3011E2312251333700C888BC /* Base */,
			);
			name = Main.storyboard;
			sourceTree = "<group>";
		};
		3011E2352251333900C888BC /* LaunchScreen.storyboard */ = {
			isa = PBXVariantGroup;
			children = (
				3011E2362251333900C888BC /* Base */,
			);
			name = LaunchScreen.storyboard;
			sourceTree = "<group>";
		};
/* End PBXVariantGroup section */

/* Begin XCBuildConfiguration section */
		3011E2392251333900C888BC /* Debug */ = {
			isa = XCBuildConfiguration;
			buildSettings = {
				ALWAYS_SEARCH_USER_PATHS = NO;
				CLANG_ANALYZER_NONNULL = YES;
				CLANG_ANALYZER_NUMBER_OBJECT_CONVERSION = YES_AGGRESSIVE;
				CLANG_CXX_LANGUAGE_STANDARD = "gnu++14";
				CLANG_CXX_LIBRARY = "libc++";
				CLANG_ENABLE_MODULES = YES;
				CLANG_ENABLE_OBJC_ARC = YES;
				CLANG_ENABLE_OBJC_WEAK = YES;
				CLANG_WARN_BLOCK_CAPTURE_AUTORELEASING = YES;
				CLANG_WARN_BOOL_CONVERSION = YES;
				CLANG_WARN_COMMA = YES;
				CLANG_WARN_CONSTANT_CONVERSION = YES;
				CLANG_WARN_DEPRECATED_OBJC_IMPLEMENTATIONS = YES;
				CLANG_WARN_DIRECT_OBJC_ISA_USAGE = YES_ERROR;
				CLANG_WARN_DOCUMENTATION_COMMENTS = YES;
				CLANG_WARN_EMPTY_BODY = YES;
				CLANG_WARN_ENUM_CONVERSION = YES;
				CLANG_WARN_INFINITE_RECURSION = YES;
				CLANG_WARN_INT_CONVERSION = YES;
				CLANG_WARN_NON_LITERAL_NULL_CONVERSION = YES;
				CLANG_WARN_OBJC_IMPLICIT_RETAIN_SELF = YES;
				CLANG_WARN_OBJC_LITERAL_CONVERSION = YES;
				CLANG_WARN_OBJC_ROOT_CLASS = YES_ERROR;
				CLANG_WARN_RANGE_LOOP_ANALYSIS = YES;
				CLANG_WARN_STRICT_PROTOTYPES = YES;
				CLANG_WARN_SUSPICIOUS_MOVE = YES;
				CLANG_WARN_UNGUARDED_AVAILABILITY = YES_AGGRESSIVE;
				CLANG_WARN_UNREACHABLE_CODE = YES;
				CLANG_WARN__DUPLICATE_METHOD_MATCH = YES;
				CODE_SIGN_IDENTITY = "iPhone Developer";
				COPY_PHASE_STRIP = NO;
				DEBUG_INFORMATION_FORMAT = dwarf;
				ENABLE_STRICT_OBJC_MSGSEND = YES;
				ENABLE_TESTABILITY = YES;
				GCC_C_LANGUAGE_STANDARD = gnu11;
				GCC_DYNAMIC_NO_PIC = NO;
				GCC_NO_COMMON_BLOCKS = YES;
				GCC_OPTIMIZATION_LEVEL = 0;
				GCC_PREPROCESSOR_DEFINITIONS = (
					"DEBUG=1",
					"$(inherited)",
				);
				GCC_WARN_64_TO_32_BIT_CONVERSION = YES;
				GCC_WARN_ABOUT_RETURN_TYPE = YES_ERROR;
				GCC_WARN_UNDECLARED_SELECTOR = YES;
				GCC_WARN_UNINITIALIZED_AUTOS = YES_AGGRESSIVE;
				GCC_WARN_UNUSED_FUNCTION = YES;
				GCC_WARN_UNUSED_VARIABLE = YES;
				IPHONEOS_DEPLOYMENT_TARGET = 12.2;
				MTL_ENABLE_DEBUG_INFO = INCLUDE_SOURCE;
				MTL_FAST_MATH = YES;
				ONLY_ACTIVE_ARCH = YES;
				SDKROOT = iphoneos;
				SWIFT_ACTIVE_COMPILATION_CONDITIONS = DEBUG;
				SWIFT_OPTIMIZATION_LEVEL = "-Onone";
			};
			name = Debug;
		};
		3011E23A2251333900C888BC /* Release */ = {
			isa = XCBuildConfiguration;
			buildSettings = {
				ALWAYS_SEARCH_USER_PATHS = NO;
				CLANG_ANALYZER_NONNULL = YES;
				CLANG_ANALYZER_NUMBER_OBJECT_CONVERSION = YES_AGGRESSIVE;
				CLANG_CXX_LANGUAGE_STANDARD = "gnu++14";
				CLANG_CXX_LIBRARY = "libc++";
				CLANG_ENABLE_MODULES = YES;
				CLANG_ENABLE_OBJC_ARC = YES;
				CLANG_ENABLE_OBJC_WEAK = YES;
				CLANG_WARN_BLOCK_CAPTURE_AUTORELEASING = YES;
				CLANG_WARN_BOOL_CONVERSION = YES;
				CLANG_WARN_COMMA = YES;
				CLANG_WARN_CONSTANT_CONVERSION = YES;
				CLANG_WARN_DEPRECATED_OBJC_IMPLEMENTATIONS = YES;
				CLANG_WARN_DIRECT_OBJC_ISA_USAGE = YES_ERROR;
				CLANG_WARN_DOCUMENTATION_COMMENTS = YES;
				CLANG_WARN_EMPTY_BODY = YES;
				CLANG_WARN_ENUM_CONVERSION = YES;
				CLANG_WARN_INFINITE_RECURSION = YES;
				CLANG_WARN_INT_CONVERSION = YES;
				CLANG_WARN_NON_LITERAL_NULL_CONVERSION = YES;
				CLANG_WARN_OBJC_IMPLICIT_RETAIN_SELF = YES;
				CLANG_WARN_OBJC_LITERAL_CONVERSION = YES;
				CLANG_WARN_OBJC_ROOT_CLASS = YES_ERROR;
				CLANG_WARN_RANGE_LOOP_ANALYSIS = YES;
				CLANG_WARN_STRICT_PROTOTYPES = YES;
				CLANG_WARN_SUSPICIOUS_MOVE = YES;
				CLANG_WARN_UNGUARDED_AVAILABILITY = YES_AGGRESSIVE;
				CLANG_WARN_UNREACHABLE_CODE = YES;
				CLANG_WARN__DUPLICATE_METHOD_MATCH = YES;
				CODE_SIGN_IDENTITY = "iPhone Developer";
				COPY_PHASE_STRIP = NO;
				DEBUG_INFORMATION_FORMAT = "dwarf-with-dsym";
				ENABLE_NS_ASSERTIONS = NO;
				ENABLE_STRICT_OBJC_MSGSEND = YES;
				GCC_C_LANGUAGE_STANDARD = gnu11;
				GCC_NO_COMMON_BLOCKS = YES;
				GCC_WARN_64_TO_32_BIT_CONVERSION = YES;
				GCC_WARN_ABOUT_RETURN_TYPE = YES_ERROR;
				GCC_WARN_UNDECLARED_SELECTOR = YES;
				GCC_WARN_UNINITIALIZED_AUTOS = YES_AGGRESSIVE;
				GCC_WARN_UNUSED_FUNCTION = YES;
				GCC_WARN_UNUSED_VARIABLE = YES;
				IPHONEOS_DEPLOYMENT_TARGET = 12.2;
				MTL_ENABLE_DEBUG_INFO = NO;
				MTL_FAST_MATH = YES;
				SDKROOT = iphoneos;
				SWIFT_COMPILATION_MODE = wholemodule;
				SWIFT_OPTIMIZATION_LEVEL = "-O";
				VALIDATE_PRODUCT = YES;
			};
			name = Release;
		};
		3011E23C2251333900C888BC /* Debug */ = {
			isa = XCBuildConfiguration;
			buildSettings = {
				ASSETCATALOG_COMPILER_APPICON_NAME = AppIcon;
				CODE_SIGN_STYLE = Automatic;
				DEVELOPMENT_TEAM = KV7D4W8SQB;
				INFOPLIST_FILE = project_3/Info.plist;
				LD_RUNPATH_SEARCH_PATHS = (
					"$(inherited)",
					"@executable_path/Frameworks",
				);
				PRODUCT_BUNDLE_IDENTIFIER = "i.project-3";
				PRODUCT_NAME = "$(TARGET_NAME)";
				SWIFT_VERSION = 5.0;
				TARGETED_DEVICE_FAMILY = "1,2";
			};
			name = Debug;
		};
		3011E23D2251333900C888BC /* Release */ = {
			isa = XCBuildConfiguration;
			buildSettings = {
				ASSETCATALOG_COMPILER_APPICON_NAME = AppIcon;
				CODE_SIGN_STYLE = Automatic;
				DEVELOPMENT_TEAM = KV7D4W8SQB;
				INFOPLIST_FILE = project_3/Info.plist;
				LD_RUNPATH_SEARCH_PATHS = (
					"$(inherited)",
					"@executable_path/Frameworks",
				);
				PRODUCT_BUNDLE_IDENTIFIER = "i.project-3";
				PRODUCT_NAME = "$(TARGET_NAME)";
				SWIFT_VERSION = 5.0;
				TARGETED_DEVICE_FAMILY = "1,2";
			};
			name = Release;
		};
/* End XCBuildConfiguration section */

/* Begin XCConfigurationList section */
		3011E2242251333700C888BC /* Build configuration list for PBXProject "project_3" */ = {
			isa = XCConfigurationList;
			buildConfigurations = (
				3011E2392251333900C888BC /* Debug */,
				3011E23A2251333900C888BC /* Release */,
			);
			defaultConfigurationIsVisible = 0;
			defaultConfigurationName = Release;
		};
		3011E23B2251333900C888BC /* Build configuration list for PBXNativeTarget "project_3" */ = {
			isa = XCConfigurationList;
			buildConfigurations = (
				3011E23C2251333900C888BC /* Debug */,
				3011E23D2251333900C888BC /* Release */,
			);
			defaultConfigurationIsVisible = 0;
			defaultConfigurationName = Release;
		};
/* End XCConfigurationList section */
	};
	rootObject = 3011E2212251333700C888BC /* Project object */;
}
